
Microsoft Visual Studio Solution File, Format Version 12.00
# Visual Studio Version 17
VisualStudioVersion = 17.10.35013.160
MinimumVisualStudioVersion = 10.0.40219.1
Project("{FAE04EC0-301F-11D3-BF4B-00C04F79EFBC}") = "QueueImplementaion", "QueueImplementaion\QueueImplementaion.csproj", "{F644D026-48D4-4FE6-A8E2-F9365A1A7BD0}"
EndProject
Global
	GlobalSection(SolutionConfigurationPlatforms) = preSolution
		Debug|Any CPU = Debug|Any CPU
		Release|Any CPU = Release|Any CPU
	EndGlobalSection
	GlobalSection(ProjectConfigurationPlatforms) = postSolution
		{F644D026-48D4-4FE6-A8E2-F9365A1A7BD0}.Debug|Any CPU.ActiveCfg = Debug|Any CPU
		{F644D026-48D4-4FE6-A8E2-F9365A1A7BD0}.Debug|Any CPU.Build.0 = Debug|Any CPU
		{F644D026-48D4-4FE6-A8E2-F9365A1A7BD0}.Release|Any CPU.ActiveCfg = Release|Any CPU
		{F644D026-48D4-4FE6-A8E2-F9365A1A7BD0}.Release|Any CPU.Build.0 = Release|Any CPU
	EndGlobalSection
	GlobalSection(SolutionProperties) = preSolution
		HideSolutionNode = FALSE
	EndGlobalSection
	GlobalSection(ExtensibilityGlobals) = postSolution
		SolutionGuid = {39DBAB15-A747-4A7B-AB70-048219CED6A6}
	EndGlobalSection
EndGlobal
